
Microsoft Visual Studio Solution File, Format Version 12.00
# Visual Studio 15
VisualStudioVersion = 15.0.26124.0
MinimumVisualStudioVersion = 15.0.26124.0
Project("{FAE04EC0-301F-11D3-BF4B-00C04F79EFBC}") = "GameTOP", "GameTOP\GameTOP.csproj", "{DB56218A-0263-4C6D-9A8A-31F33C33D74B}"
EndProject
Project("{FAE04EC0-301F-11D3-BF4B-00C04F79EFBC}") = "GameTOP.Lib", "GameTOP.Lib\GameTOP.Lib.csproj", "{3303596D-125E-4420-9025-CC6EBCA33A7B}"
EndProject
Project("{FAE04EC0-301F-11D3-BF4B-00C04F79EFBC}") = "GameTOP.Interface", "GameTOP.Interface\GameTOP.Interface.csproj", "{C0514C11-4F6C-48C9-8027-F0F5D23E4124}"
EndProject
Global
	GlobalSection(SolutionConfigurationPlatforms) = preSolution
		Debug|Any CPU = Debug|Any CPU
		Debug|x64 = Debug|x64
		Debug|x86 = Debug|x86
		Release|Any CPU = Release|Any CPU
		Release|x64 = Release|x64
		Release|x86 = Release|x86
	EndGlobalSection
	GlobalSection(SolutionProperties) = preSolution
		HideSolutionNode = FALSE
	EndGlobalSection
	GlobalSection(ProjectConfigurationPlatforms) = postSolution
		{DB56218A-0263-4C6D-9A8A-31F33C33D74B}.Debug|Any CPU.ActiveCfg = Debug|Any CPU
		{DB56218A-0263-4C6D-9A8A-31F33C33D74B}.Debug|Any CPU.Build.0 = Debug|Any CPU
		{DB56218A-0263-4C6D-9A8A-31F33C33D74B}.Debug|x64.ActiveCfg = Debug|Any CPU
		{DB56218A-0263-4C6D-9A8A-31F33C33D74B}.Debug|x64.Build.0 = Debug|Any CPU
		{DB56218A-0263-4C6D-9A8A-31F33C33D74B}.Debug|x86.ActiveCfg = Debug|Any CPU
		{DB56218A-0263-4C6D-9A8A-31F33C33D74B}.Debug|x86.Build.0 = Debug|Any CPU
		{DB56218A-0263-4C6D-9A8A-31F33C33D74B}.Release|Any CPU.ActiveCfg = Release|Any CPU
		{DB56218A-0263-4C6D-9A8A-31F33C33D74B}.Release|Any CPU.Build.0 = Release|Any CPU
		{DB56218A-0263-4C6D-9A8A-31F33C33D74B}.Release|x64.ActiveCfg = Release|Any CPU
		{DB56218A-0263-4C6D-9A8A-31F33C33D74B}.Release|x64.Build.0 = Release|Any CPU
		{DB56218A-0263-4C6D-9A8A-31F33C33D74B}.Release|x86.ActiveCfg = Release|Any CPU
		{DB56218A-0263-4C6D-9A8A-31F33C33D74B}.Release|x86.Build.0 = Release|Any CPU
		{3303596D-125E-4420-9025-CC6EBCA33A7B}.Debug|Any CPU.ActiveCfg = Debug|Any CPU
		{3303596D-125E-4420-9025-CC6EBCA33A7B}.Debug|Any CPU.Build.0 = Debug|Any CPU
		{3303596D-125E-4420-9025-CC6EBCA33A7B}.Debug|x64.ActiveCfg = Debug|Any CPU
		{3303596D-125E-4420-9025-CC6EBCA33A7B}.Debug|x64.Build.0 = Debug|Any CPU
		{3303596D-125E-4420-9025-CC6EBCA33A7B}.Debug|x86.ActiveCfg = Debug|Any CPU
		{3303596D-125E-4420-9025-CC6EBCA33A7B}.Debug|x86.Build.0 = Debug|Any CPU
		{3303596D-125E-4420-9025-CC6EBCA33A7B}.Release|Any CPU.ActiveCfg = Release|Any CPU
		{3303596D-125E-4420-9025-CC6EBCA33A7B}.Release|Any CPU.Build.0 = Release|Any CPU
		{3303596D-125E-4420-9025-CC6EBCA33A7B}.Release|x64.ActiveCfg = Release|Any CPU
		{3303596D-125E-4420-9025-CC6EBCA33A7B}.Release|x64.Build.0 = Release|Any CPU
		{3303596D-125E-4420-9025-CC6EBCA33A7B}.Release|x86.ActiveCfg = Release|Any CPU
		{3303596D-125E-4420-9025-CC6EBCA33A7B}.Release|x86.Build.0 = Release|Any CPU
		{C0514C11-4F6C-48C9-8027-F0F5D23E4124}.Debug|Any CPU.ActiveCfg = Debug|Any CPU
		{C0514C11-4F6C-48C9-8027-F0F5D23E4124}.Debug|Any CPU.Build.0 = Debug|Any CPU
		{C0514C11-4F6C-48C9-8027-F0F5D23E4124}.Debug|x64.ActiveCfg = Debug|Any CPU
		{C0514C11-4F6C-48C9-8027-F0F5D23E4124}.Debug|x64.Build.0 = Debug|Any CPU
		{C0514C11-4F6C-48C9-8027-F0F5D23E4124}.Debug|x86.ActiveCfg = Debug|Any CPU
		{C0514C11-4F6C-48C9-8027-F0F5D23E4124}.Debug|x86.Build.0 = Debug|Any CPU
		{C0514C11-4F6C-48C9-8027-F0F5D23E4124}.Release|Any CPU.ActiveCfg = Release|Any CPU
		{C0514C11-4F6C-48C9-8027-F0F5D23E4124}.Release|Any CPU.Build.0 = Release|Any CPU
		{C0514C11-4F6C-48C9-8027-F0F5D23E4124}.Release|x64.ActiveCfg = Release|Any CPU
		{C0514C11-4F6C-48C9-8027-F0F5D23E4124}.Release|x64.Build.0 = Release|Any CPU
		{C0514C11-4F6C-48C9-8027-F0F5D23E4124}.Release|x86.ActiveCfg = Release|Any CPU
		{C0514C11-4F6C-48C9-8027-F0F5D23E4124}.Release|x86.Build.0 = Release|Any CPU
	EndGlobalSection
EndGlobal
